
Microsoft Visual Studio Solution File, Format Version 12.00
# Visual Studio Version 16
VisualStudioVersion = 16.0.29209.62
MinimumVisualStudioVersion = 10.0.40219.1
Project("{FAE04EC0-301F-11D3-BF4B-00C04F79EFBC}") = "GYM.Web", "GYM.Web\GYM.Web.csproj", "{EDF1101F-91E2-4094-A352-292B050ADC71}"
EndProject
Project("{FAE04EC0-301F-11D3-BF4B-00C04F79EFBC}") = "CAD", "CAD\CAD.csproj", "{189F1A9D-EFB4-4C4A-9FEB-95511CEB9317}"
EndProject
Global
	GlobalSection(SolutionConfigurationPlatforms) = preSolution
		Debug|Any CPU = Debug|Any CPU
		Release|Any CPU = Release|Any CPU
	EndGlobalSection
	GlobalSection(ProjectConfigurationPlatforms) = postSolution
		{EDF1101F-91E2-4094-A352-292B050ADC71}.Debug|Any CPU.ActiveCfg = Debug|Any CPU
		{EDF1101F-91E2-4094-A352-292B050ADC71}.Debug|Any CPU.Build.0 = Debug|Any CPU
		{EDF1101F-91E2-4094-A352-292B050ADC71}.Release|Any CPU.ActiveCfg = Release|Any CPU
		{EDF1101F-91E2-4094-A352-292B050ADC71}.Release|Any CPU.Build.0 = Release|Any CPU
		{189F1A9D-EFB4-4C4A-9FEB-95511CEB9317}.Debug|Any CPU.ActiveCfg = Debug|Any CPU
		{189F1A9D-EFB4-4C4A-9FEB-95511CEB9317}.Debug|Any CPU.Build.0 = Debug|Any CPU
		{189F1A9D-EFB4-4C4A-9FEB-95511CEB9317}.Release|Any CPU.ActiveCfg = Release|Any CPU
		{189F1A9D-EFB4-4C4A-9FEB-95511CEB9317}.Release|Any CPU.Build.0 = Release|Any CPU
	EndGlobalSection
	GlobalSection(SolutionProperties) = preSolution
		HideSolutionNode = FALSE
	EndGlobalSection
	GlobalSection(ExtensibilityGlobals) = postSolution
		SolutionGuid = {0B2F419C-4E35-492C-ABB4-1018C7CEB332}
	EndGlobalSection
EndGlobal
